// !$*UTF8*$!
{
	archiveVersion = 1;
	classes = {
	};
	objectVersion = 50;
	objects = {

/* Begin PBXBuildFile section */
		A8161D80208D861100946D48 /* AppDelegate.m in Sources */ = {isa = PBXBuildFile; fileRef = A8161D7F208D861100946D48 /* AppDelegate.m */; };
		A8161D83208D861100946D48 /* ViewController.m in Sources */ = {isa = PBXBuildFile; fileRef = A8161D82208D861100946D48 /* ViewController.m */; };
		A8161D86208D861100946D48 /* Main.storyboard in Resources */ = {isa = PBXBuildFile; fileRef = A8161D84208D861100946D48 /* Main.storyboard */; };
		A8161D88208D861100946D48 /* Assets.xcassets in Resources */ = {isa = PBXBuildFile; fileRef = A8161D87208D861100946D48 /* Assets.xcassets */; };
		A8161D8B208D861100946D48 /* LaunchScreen.storyboard in Resources */ = {isa = PBXBuildFile; fileRef = A8161D89208D861100946D48 /* LaunchScreen.storyboard */; };
		A8161D8E208D861100946D48 /* main.m in Sources */ = {isa = PBXBuildFile; fileRef = A8161D8D208D861100946D48 /* main.m */; };
		A8161DBB208DA13500946D48 /* libsqlite3.0.tbd in Frameworks */ = {isa = PBXBuildFile; fileRef = A8161DBA208DA13500946D48 /* libsqlite3.0.tbd */; };
		A8161DD5208DB0F100946D48 /* UIView+ZXRect.m in Sources */ = {isa = PBXBuildFile; fileRef = A8161DD3208DB0F000946D48 /* UIView+ZXRect.m */; };
		A8161DD8208DB37000946D48 /* ZXMedia.xcassets in Resources */ = {isa = PBXBuildFile; fileRef = A8161DD7208DB37000946D48 /* ZXMedia.xcassets */; };
		A8161DDE208DB61400946D48 /* ZXUtils.m in Sources */ = {isa = PBXBuildFile; fileRef = A8161DDD208DB61400946D48 /* ZXUtils.m */; };
		A8161DE1208DBAFD00946D48 /* UIButton+ZXUtil.m in Sources */ = {isa = PBXBuildFile; fileRef = A8161DE0208DBAFD00946D48 /* UIButton+ZXUtil.m */; };
		A8161DE4208DBB9400946D48 /* UILabel+ZXUtil.m in Sources */ = {isa = PBXBuildFile; fileRef = A8161DE3208DBB9400946D48 /* UILabel+ZXUtil.m */; };
		A8161DE8208DC0DA00946D48 /* Reachability.m in Sources */ = {isa = PBXBuildFile; fileRef = A8161DE6208DC0DA00946D48 /* Reachability.m */; };
		A8161DEB208DC0F500946D48 /* ZXReachAbility.m in Sources */ = {isa = PBXBuildFile; fileRef = A8161DEA208DC0F500946D48 /* ZXReachAbility.m */; };
		A8161DEE208DC6B700946D48 /* NSString+ZXUtil.m in Sources */ = {isa = PBXBuildFile; fileRef = A8161DED208DC6B700946D48 /* NSString+ZXUtil.m */; };
		A8161DF9208DC97100946D48 /* ZXWebImage.m in Sources */ = {isa = PBXBuildFile; fileRef = A8161DF8208DC97100946D48 /* ZXWebImage.m */; };
		A8161DFC208DC99100946D48 /* UIImageView+ZXWebImage.m in Sources */ = {isa = PBXBuildFile; fileRef = A8161DFA208DC99100946D48 /* UIImageView+ZXWebImage.m */; };
		A8161DFF208DD4FB00946D48 /* UIImage+ZXUtil.m in Sources */ = {isa = PBXBuildFile; fileRef = A8161DFE208DD4FB00946D48 /* UIImage+ZXUtil.m */; };
		A8161E0E208DDC9C00946D48 /* ZXGCDGroup.m in Sources */ = {isa = PBXBuildFile; fileRef = A8161E06208DDC9C00946D48 /* ZXGCDGroup.m */; };
		A8161E0F208DDC9C00946D48 /* ZXGCDTimer.m in Sources */ = {isa = PBXBuildFile; fileRef = A8161E07208DDC9C00946D48 /* ZXGCDTimer.m */; };
		A8161E10208DDC9C00946D48 /* ZXGCDQueue.m in Sources */ = {isa = PBXBuildFile; fileRef = A8161E08208DDC9C00946D48 /* ZXGCDQueue.m */; };
		A8161E11208DDC9C00946D48 /* ZXGCDSemaphore.m in Sources */ = {isa = PBXBuildFile; fileRef = A8161E09208DDC9C00946D48 /* ZXGCDSemaphore.m */; };
		A8161E12208DDC9C00946D48 /* ZXShowAlert.m in Sources */ = {isa = PBXBuildFile; fileRef = A8161E0D208DDC9C00946D48 /* ZXShowAlert.m */; };
		A8161E1D208DDCF100946D48 /* ZXVideoPlayView.m in Sources */ = {isa = PBXBuildFile; fileRef = A8161E14208DDCF100946D48 /* ZXVideoPlayView.m */; };
		A8161E1E208DDCF100946D48 /* ZXPlayMusicCricleSlider.m in Sources */ = {isa = PBXBuildFile; fileRef = A8161E16208DDCF100946D48 /* ZXPlayMusicCricleSlider.m */; };
		A8161E1F208DDCF100946D48 /* ZXPlayRoundView.m in Sources */ = {isa = PBXBuildFile; fileRef = A8161E19208DDCF100946D48 /* ZXPlayRoundView.m */; };
		A8161E20208DDCF100946D48 /* ZXPlayMusicController.m in Sources */ = {isa = PBXBuildFile; fileRef = A8161E1B208DDCF100946D48 /* ZXPlayMusicController.m */; };
		A8161E21208DDCF100946D48 /* ZXPlayMusicView.m in Sources */ = {isa = PBXBuildFile; fileRef = A8161E1C208DDCF100946D48 /* ZXPlayMusicView.m */; };
		A8161E2C208DDCFD00946D48 /* ZXMediaPlayManager.m in Sources */ = {isa = PBXBuildFile; fileRef = A8161E24208DDCFD00946D48 /* ZXMediaPlayManager.m */; };
		A8161E2D208DDCFD00946D48 /* ZXMediaDownloader.m in Sources */ = {isa = PBXBuildFile; fileRef = A8161E26208DDCFD00946D48 /* ZXMediaDownloader.m */; };
		A8161E2E208DDCFD00946D48 /* ZXMediaControlModel.m in Sources */ = {isa = PBXBuildFile; fileRef = A8161E27208DDCFD00946D48 /* ZXMediaControlModel.m */; };
		A8161E2F208DDCFD00946D48 /* ZXMediaInfoModel.m in Sources */ = {isa = PBXBuildFile; fileRef = A8161E28208DDCFD00946D48 /* ZXMediaInfoModel.m */; };
		A8161E30208DDCFD00946D48 /* ZXMediaPlayer.m in Sources */ = {isa = PBXBuildFile; fileRef = A8161E2B208DDCFD00946D48 /* ZXMediaPlayer.m */; };
		A8161E33208DDD1400946D48 /* ZXDBUtil.m in Sources */ = {isa = PBXBuildFile; fileRef = A8161E31208DDD1400946D48 /* ZXDBUtil.m */; };
/* End PBXBuildFile section */

/* Begin PBXFileReference section */
		A8161D7B208D861000946D48 /* Examples.app */ = {isa = PBXFileReference; explicitFileType = wrapper.application; includeInIndex = 0; path = Examples.app; sourceTree = BUILT_PRODUCTS_DIR; };
		A8161D7E208D861100946D48 /* AppDelegate.h */ = {isa = PBXFileReference; lastKnownFileType = sourcecode.c.h; path = AppDelegate.h; sourceTree = "<group>"; };
		A8161D7F208D861100946D48 /* AppDelegate.m */ = {isa = PBXFileReference; lastKnownFileType = sourcecode.c.objc; path = AppDelegate.m; sourceTree = "<group>"; };
		A8161D81208D861100946D48 /* ViewController.h */ = {isa = PBXFileReference; lastKnownFileType = sourcecode.c.h; path = ViewController.h; sourceTree = "<group>"; };
		A8161D82208D861100946D48 /* ViewController.m */ = {isa = PBXFileReference; lastKnownFileType = sourcecode.c.objc; path = ViewController.m; sourceTree = "<group>"; };
		A8161D85208D861100946D48 /* Base */ = {isa = PBXFileReference; lastKnownFileType = file.storyboard; name = Base; path = Base.lproj/Main.storyboard; sourceTree = "<group>"; };
		A8161D87208D861100946D48 /* Assets.xcassets */ = {isa = PBXFileReference; lastKnownFileType = folder.assetcatalog; path = Assets.xcassets; sourceTree = "<group>"; };
		A8161D8A208D861100946D48 /* Base */ = {isa = PBXFileReference; lastKnownFileType = file.storyboard; name = Base; path = Base.lproj/LaunchScreen.storyboard; sourceTree = "<group>"; };
		A8161D8C208D861100946D48 /* Info.plist */ = {isa = PBXFileReference; lastKnownFileType = text.plist.xml; path = Info.plist; sourceTree = "<group>"; };
		A8161D8D208D861100946D48 /* main.m */ = {isa = PBXFileReference; lastKnownFileType = sourcecode.c.objc; path = main.m; sourceTree = "<group>"; };
		A8161DBA208DA13500946D48 /* libsqlite3.0.tbd */ = {isa = PBXFileReference; lastKnownFileType = "sourcecode.text-based-dylib-definition"; name = libsqlite3.0.tbd; path = usr/lib/libsqlite3.0.tbd; sourceTree = SDKROOT; };
		A8161DC1208DAAD400946D48 /* ZXConfig.h */ = {isa = PBXFileReference; lastKnownFileType = sourcecode.c.h; path = ZXConfig.h; sourceTree = "<group>"; };
		A8161DD3208DB0F000946D48 /* UIView+ZXRect.m */ = {isa = PBXFileReference; fileEncoding = 4; lastKnownFileType = sourcecode.c.objc; path = "UIView+ZXRect.m"; sourceTree = "<group>"; };
		A8161DD4208DB0F100946D48 /* UIView+ZXRect.h */ = {isa = PBXFileReference; fileEncoding = 4; lastKnownFileType = sourcecode.c.h; path = "UIView+ZXRect.h"; sourceTree = "<group>"; };
		A8161DD7208DB37000946D48 /* ZXMedia.xcassets */ = {isa = PBXFileReference; lastKnownFileType = folder.assetcatalog; path = ZXMedia.xcassets; sourceTree = "<group>"; };
		A8161DDC208DB61400946D48 /* ZXUtils.h */ = {isa = PBXFileReference; lastKnownFileType = sourcecode.c.h; path = ZXUtils.h; sourceTree = "<group>"; };
		A8161DDD208DB61400946D48 /* ZXUtils.m */ = {isa = PBXFileReference; lastKnownFileType = sourcecode.c.objc; path = ZXUtils.m; sourceTree = "<group>"; };
		A8161DDF208DBAFD00946D48 /* UIButton+ZXUtil.h */ = {isa = PBXFileReference; lastKnownFileType = sourcecode.c.h; path = "UIButton+ZXUtil.h"; sourceTree = "<group>"; };
		A8161DE0208DBAFD00946D48 /* UIButton+ZXUtil.m */ = {isa = PBXFileReference; lastKnownFileType = sourcecode.c.objc; path = "UIButton+ZXUtil.m"; sourceTree = "<group>"; };
		A8161DE2208DBB9400946D48 /* UILabel+ZXUtil.h */ = {isa = PBXFileReference; lastKnownFileType = sourcecode.c.h; path = "UILabel+ZXUtil.h"; sourceTree = "<group>"; };
		A8161DE3208DBB9400946D48 /* UILabel+ZXUtil.m */ = {isa = PBXFileReference; lastKnownFileType = sourcecode.c.objc; path = "UILabel+ZXUtil.m"; sourceTree = "<group>"; };
		A8161DE6208DC0DA00946D48 /* Reachability.m */ = {isa = PBXFileReference; fileEncoding = 4; lastKnownFileType = sourcecode.c.objc; path = Reachability.m; sourceTree = "<group>"; };
		A8161DE7208DC0DA00946D48 /* Reachability.h */ = {isa = PBXFileReference; fileEncoding = 4; lastKnownFileType = sourcecode.c.h; path = Reachability.h; sourceTree = "<group>"; };
		A8161DE9208DC0F500946D48 /* ZXReachAbility.h */ = {isa = PBXFileReference; lastKnownFileType = sourcecode.c.h; path = ZXReachAbility.h; sourceTree = "<group>"; };
		A8161DEA208DC0F500946D48 /* ZXReachAbility.m */ = {isa = PBXFileReference; lastKnownFileType = sourcecode.c.objc; path = ZXReachAbility.m; sourceTree = "<group>"; };
		A8161DEC208DC6B700946D48 /* NSString+ZXUtil.h */ = {isa = PBXFileReference; lastKnownFileType = sourcecode.c.h; path = "NSString+ZXUtil.h"; sourceTree = "<group>"; };
		A8161DED208DC6B700946D48 /* NSString+ZXUtil.m */ = {isa = PBXFileReference; lastKnownFileType = sourcecode.c.objc; path = "NSString+ZXUtil.m"; sourceTree = "<group>"; };
		A8161DF7208DC97100946D48 /* ZXWebImage.h */ = {isa = PBXFileReference; lastKnownFileType = sourcecode.c.h; path = ZXWebImage.h; sourceTree = "<group>"; };
		A8161DF8208DC97100946D48 /* ZXWebImage.m */ = {isa = PBXFileReference; lastKnownFileType = sourcecode.c.objc; path = ZXWebImage.m; sourceTree = "<group>"; };
		A8161DFA208DC99100946D48 /* UIImageView+ZXWebImage.m */ = {isa = PBXFileReference; fileEncoding = 4; lastKnownFileType = sourcecode.c.objc; path = "UIImageView+ZXWebImage.m"; sourceTree = "<group>"; };
		A8161DFB208DC99100946D48 /* UIImageView+ZXWebImage.h */ = {isa = PBXFileReference; fileEncoding = 4; lastKnownFileType = sourcecode.c.h; path = "UIImageView+ZXWebImage.h"; sourceTree = "<group>"; };
		A8161DFD208DD4FB00946D48 /* UIImage+ZXUtil.h */ = {isa = PBXFileReference; lastKnownFileType = sourcecode.c.h; path = "UIImage+ZXUtil.h"; sourceTree = "<group>"; };
		A8161DFE208DD4FB00946D48 /* UIImage+ZXUtil.m */ = {isa = PBXFileReference; lastKnownFileType = sourcecode.c.objc; path = "UIImage+ZXUtil.m"; sourceTree = "<group>"; };
		A8161E02208DDC9C00946D48 /* ZXGCDTimer.h */ = {isa = PBXFileReference; fileEncoding = 4; lastKnownFileType = sourcecode.c.h; path = ZXGCDTimer.h; sourceTree = "<group>"; };
		A8161E03208DDC9C00946D48 /* ZXGCDGroup.h */ = {isa = PBXFileReference; fileEncoding = 4; lastKnownFileType = sourcecode.c.h; path = ZXGCDGroup.h; sourceTree = "<group>"; };
		A8161E04208DDC9C00946D48 /* ZXGCDSemaphore.h */ = {isa = PBXFileReference; fileEncoding = 4; lastKnownFileType = sourcecode.c.h; path = ZXGCDSemaphore.h; sourceTree = "<group>"; };
		A8161E05208DDC9C00946D48 /* ZXGCDQueue.h */ = {isa = PBXFileReference; fileEncoding = 4; lastKnownFileType = sourcecode.c.h; path = ZXGCDQueue.h; sourceTree = "<group>"; };
		A8161E06208DDC9C00946D48 /* ZXGCDGroup.m */ = {isa = PBXFileReference; fileEncoding = 4; lastKnownFileType = sourcecode.c.objc; path = ZXGCDGroup.m; sourceTree = "<group>"; };
		A8161E07208DDC9C00946D48 /* ZXGCDTimer.m */ = {isa = PBXFileReference; fileEncoding = 4; lastKnownFileType = sourcecode.c.objc; path = ZXGCDTimer.m; sourceTree = "<group>"; };
		A8161E08208DDC9C00946D48 /* ZXGCDQueue.m */ = {isa = PBXFileReference; fileEncoding = 4; lastKnownFileType = sourcecode.c.objc; path = ZXGCDQueue.m; sourceTree = "<group>"; };
		A8161E09208DDC9C00946D48 /* ZXGCDSemaphore.m */ = {isa = PBXFileReference; fileEncoding = 4; lastKnownFileType = sourcecode.c.objc; path = ZXGCDSemaphore.m; sourceTree = "<group>"; };
		A8161E0A208DDC9C00946D48 /* ZXGCD.h */ = {isa = PBXFileReference; fileEncoding = 4; lastKnownFileType = sourcecode.c.h; path = ZXGCD.h; sourceTree = "<group>"; };
		A8161E0C208DDC9C00946D48 /* ZXShowAlert.h */ = {isa = PBXFileReference; fileEncoding = 4; lastKnownFileType = sourcecode.c.h; path = ZXShowAlert.h; sourceTree = "<group>"; };
		A8161E0D208DDC9C00946D48 /* ZXShowAlert.m */ = {isa = PBXFileReference; fileEncoding = 4; lastKnownFileType = sourcecode.c.objc; path = ZXShowAlert.m; sourceTree = "<group>"; };
		A8161E13208DDCF100946D48 /* ZXPlayRoundView.h */ = {isa = PBXFileReference; fileEncoding = 4; lastKnownFileType = sourcecode.c.h; path = ZXPlayRoundView.h; sourceTree = "<group>"; };
		A8161E14208DDCF100946D48 /* ZXVideoPlayView.m */ = {isa = PBXFileReference; fileEncoding = 4; lastKnownFileType = sourcecode.c.objc; path = ZXVideoPlayView.m; sourceTree = "<group>"; };
		A8161E15208DDCF100946D48 /* ZXPlayMusicController.h */ = {isa = PBXFileReference; fileEncoding = 4; lastKnownFileType = sourcecode.c.h; path = ZXPlayMusicController.h; sourceTree = "<group>"; };
		A8161E16208DDCF100946D48 /* ZXPlayMusicCricleSlider.m */ = {isa = PBXFileReference; fileEncoding = 4; lastKnownFileType = sourcecode.c.objc; path = ZXPlayMusicCricleSlider.m; sourceTree = "<group>"; };
		A8161E17208DDCF100946D48 /* ZXPlayMusicCricleSlider.h */ = {isa = PBXFileReference; fileEncoding = 4; lastKnownFileType = sourcecode.c.h; path = ZXPlayMusicCricleSlider.h; sourceTree = "<group>"; };
		A8161E18208DDCF100946D48 /* ZXVideoPlayView.h */ = {isa = PBXFileReference; fileEncoding = 4; lastKnownFileType = sourcecode.c.h; path = ZXVideoPlayView.h; sourceTree = "<group>"; };
		A8161E19208DDCF100946D48 /* ZXPlayRoundView.m */ = {isa = PBXFileReference; fileEncoding = 4; lastKnownFileType = sourcecode.c.objc; path = ZXPlayRoundView.m; sourceTree = "<group>"; };
		A8161E1A208DDCF100946D48 /* ZXPlayMusicView.h */ = {isa = PBXFileReference; fileEncoding = 4; lastKnownFileType = sourcecode.c.h; path = ZXPlayMusicView.h; sourceTree = "<group>"; };
		A8161E1B208DDCF100946D48 /* ZXPlayMusicController.m */ = {isa = PBXFileReference; fileEncoding = 4; lastKnownFileType = sourcecode.c.objc; path = ZXPlayMusicController.m; sourceTree = "<group>"; };
		A8161E1C208DDCF100946D48 /* ZXPlayMusicView.m */ = {isa = PBXFileReference; fileEncoding = 4; lastKnownFileType = sourcecode.c.objc; path = ZXPlayMusicView.m; sourceTree = "<group>"; };
		A8161E22208DDCFD00946D48 /* ZXMediaPlayer.h */ = {isa = PBXFileReference; fileEncoding = 4; lastKnownFileType = sourcecode.c.h; path = ZXMediaPlayer.h; sourceTree = "<group>"; };
		A8161E23208DDCFD00946D48 /* ZXMediaPlayManager.h */ = {isa = PBXFileReference; fileEncoding = 4; lastKnownFileType = sourcecode.c.h; path = ZXMediaPlayManager.h; sourceTree = "<group>"; };
		A8161E24208DDCFD00946D48 /* ZXMediaPlayManager.m */ = {isa = PBXFileReference; fileEncoding = 4; lastKnownFileType = sourcecode.c.objc; path = ZXMediaPlayManager.m; sourceTree = "<group>"; };
		A8161E25208DDCFD00946D48 /* ZXMediaInfoModel.h */ = {isa = PBXFileReference; fileEncoding = 4; lastKnownFileType = sourcecode.c.h; path = ZXMediaInfoModel.h; sourceTree = "<group>"; };
		A8161E26208DDCFD00946D48 /* ZXMediaDownloader.m */ = {isa = PBXFileReference; fileEncoding = 4; lastKnownFileType = sourcecode.c.objc; path = ZXMediaDownloader.m; sourceTree = "<group>"; };
		A8161E27208DDCFD00946D48 /* ZXMediaControlModel.m */ = {isa = PBXFileReference; fileEncoding = 4; lastKnownFileType = sourcecode.c.objc; path = ZXMediaControlModel.m; sourceTree = "<group>"; };
		A8161E28208DDCFD00946D48 /* ZXMediaInfoModel.m */ = {isa = PBXFileReference; fileEncoding = 4; lastKnownFileType = sourcecode.c.objc; path = ZXMediaInfoModel.m; sourceTree = "<group>"; };
		A8161E29208DDCFD00946D48 /* ZXMediaControlModel.h */ = {isa = PBXFileReference; fileEncoding = 4; lastKnownFileType = sourcecode.c.h; path = ZXMediaControlModel.h; sourceTree = "<group>"; };
		A8161E2A208DDCFD00946D48 /* ZXMediaDownloader.h */ = {isa = PBXFileReference; fileEncoding = 4; lastKnownFileType = sourcecode.c.h; path = ZXMediaDownloader.h; sourceTree = "<group>"; };
		A8161E2B208DDCFD00946D48 /* ZXMediaPlayer.m */ = {isa = PBXFileReference; fileEncoding = 4; lastKnownFileType = sourcecode.c.objc; path = ZXMediaPlayer.m; sourceTree = "<group>"; };
		A8161E31208DDD1400946D48 /* ZXDBUtil.m */ = {isa = PBXFileReference; fileEncoding = 4; lastKnownFileType = sourcecode.c.objc; path = ZXDBUtil.m; sourceTree = "<group>"; };
		A8161E32208DDD1400946D48 /* ZXDBUtil.h */ = {isa = PBXFileReference; fileEncoding = 4; lastKnownFileType = sourcecode.c.h; path = ZXDBUtil.h; sourceTree = "<group>"; };
/* End PBXFileReference section */

/* Begin PBXFrameworksBuildPhase section */
		A8161D78208D861000946D48 /* Frameworks */ = {
			isa = PBXFrameworksBuildPhase;
			buildActionMask = 2147483647;
			files = (
				A8161DBB208DA13500946D48 /* libsqlite3.0.tbd in Frameworks */,
			);
			runOnlyForDeploymentPostprocessing = 0;
		};
/* End PBXFrameworksBuildPhase section */

/* Begin PBXGroup section */
		A8161D72208D861000946D48 = {
			isa = PBXGroup;
			children = (
				A8161D97208D8A5900946D48 /* ZXMediaPlayer */,
				A8161D7D208D861000946D48 /* Examples */,
				A8161D7C208D861000946D48 /* Products */,
				A8161DB9208DA13500946D48 /* Frameworks */,
			);
			sourceTree = "<group>";
		};
		A8161D7C208D861000946D48 /* Products */ = {
			isa = PBXGroup;
			children = (
				A8161D7B208D861000946D48 /* Examples.app */,
			);
			name = Products;
			sourceTree = "<group>";
		};
		A8161D7D208D861000946D48 /* Examples */ = {
			isa = PBXGroup;
			children = (
				A8161D7E208D861100946D48 /* AppDelegate.h */,
				A8161D7F208D861100946D48 /* AppDelegate.m */,
				A8161D81208D861100946D48 /* ViewController.h */,
				A8161D82208D861100946D48 /* ViewController.m */,
				A8161D84208D861100946D48 /* Main.storyboard */,
				A8161D87208D861100946D48 /* Assets.xcassets */,
				A8161D89208D861100946D48 /* LaunchScreen.storyboard */,
				A8161D8C208D861100946D48 /* Info.plist */,
				A8161D8D208D861100946D48 /* main.m */,
			);
			path = Examples;
			sourceTree = "<group>";
		};
		A8161D97208D8A5900946D48 /* ZXMediaPlayer */ = {
			isa = PBXGroup;
			children = (
				A8161DBC208DAA7500946D48 /* Category */,
				A8161DBD208DAA8A00946D48 /* Core */,
				A8161E01208DDC9C00946D48 /* GCD */,
				A8161E0B208DDC9C00946D48 /* Message */,
				A8161DE5208DC0DA00946D48 /* Reachability */,
				A8161DD6208DB35400946D48 /* Resource */,
				A8161DC2208DACE000946D48 /* Utils */,
				A8161DBF208DAA9D00946D48 /* View */,
				A8161DF6208DC95800946D48 /* ZXWebImage */,
			);
			name = ZXMediaPlayer;
			path = ../ZXMediaPlayer;
			sourceTree = "<group>";
		};
		A8161DB9208DA13500946D48 /* Frameworks */ = {
			isa = PBXGroup;
			children = (
				A8161DBA208DA13500946D48 /* libsqlite3.0.tbd */,
			);
			name = Frameworks;
			sourceTree = "<group>";
		};
		A8161DBC208DAA7500946D48 /* Category */ = {
			isa = PBXGroup;
			children = (
				A8161DEC208DC6B700946D48 /* NSString+ZXUtil.h */,
				A8161DED208DC6B700946D48 /* NSString+ZXUtil.m */,
				A8161DDF208DBAFD00946D48 /* UIButton+ZXUtil.h */,
				A8161DE0208DBAFD00946D48 /* UIButton+ZXUtil.m */,
				A8161DE2208DBB9400946D48 /* UILabel+ZXUtil.h */,
				A8161DE3208DBB9400946D48 /* UILabel+ZXUtil.m */,
				A8161DD4208DB0F100946D48 /* UIView+ZXRect.h */,
				A8161DD3208DB0F000946D48 /* UIView+ZXRect.m */,
				A8161DFD208DD4FB00946D48 /* UIImage+ZXUtil.h */,
				A8161DFE208DD4FB00946D48 /* UIImage+ZXUtil.m */,
			);
			path = Category;
			sourceTree = "<group>";
		};
		A8161DBD208DAA8A00946D48 /* Core */ = {
			isa = PBXGroup;
			children = (
				A8161DC1208DAAD400946D48 /* ZXConfig.h */,
				A8161E29208DDCFD00946D48 /* ZXMediaControlModel.h */,
				A8161E27208DDCFD00946D48 /* ZXMediaControlModel.m */,
				A8161E2A208DDCFD00946D48 /* ZXMediaDownloader.h */,
				A8161E26208DDCFD00946D48 /* ZXMediaDownloader.m */,
				A8161E25208DDCFD00946D48 /* ZXMediaInfoModel.h */,
				A8161E28208DDCFD00946D48 /* ZXMediaInfoModel.m */,
				A8161E22208DDCFD00946D48 /* ZXMediaPlayer.h */,
				A8161E2B208DDCFD00946D48 /* ZXMediaPlayer.m */,
				A8161E23208DDCFD00946D48 /* ZXMediaPlayManager.h */,
				A8161E24208DDCFD00946D48 /* ZXMediaPlayManager.m */,
			);
			path = Core;
			sourceTree = "<group>";
		};
		A8161DBF208DAA9D00946D48 /* View */ = {
			isa = PBXGroup;
			children = (
				A8161E15208DDCF100946D48 /* ZXPlayMusicController.h */,
				A8161E1B208DDCF100946D48 /* ZXPlayMusicController.m */,
				A8161E17208DDCF100946D48 /* ZXPlayMusicCricleSlider.h */,
				A8161E16208DDCF100946D48 /* ZXPlayMusicCricleSlider.m */,
				A8161E1A208DDCF100946D48 /* ZXPlayMusicView.h */,
				A8161E1C208DDCF100946D48 /* ZXPlayMusicView.m */,
				A8161E13208DDCF100946D48 /* ZXPlayRoundView.h */,
				A8161E19208DDCF100946D48 /* ZXPlayRoundView.m */,
				A8161E18208DDCF100946D48 /* ZXVideoPlayView.h */,
				A8161E14208DDCF100946D48 /* ZXVideoPlayView.m */,
			);
			path = View;
			sourceTree = "<group>";
		};
		A8161DC2208DACE000946D48 /* Utils */ = {
			isa = PBXGroup;
			children = (
				A8161E32208DDD1400946D48 /* ZXDBUtil.h */,
				A8161E31208DDD1400946D48 /* ZXDBUtil.m */,
				A8161DDC208DB61400946D48 /* ZXUtils.h */,
				A8161DDD208DB61400946D48 /* ZXUtils.m */,
			);
			path = Utils;
			sourceTree = "<group>";
		};
		A8161DD6208DB35400946D48 /* Resource */ = {
			isa = PBXGroup;
			children = (
				A8161DD7208DB37000946D48 /* ZXMedia.xcassets */,
			);
			path = Resource;
			sourceTree = "<group>";
		};
		A8161DE5208DC0DA00946D48 /* Reachability */ = {
			isa = PBXGroup;
			children = (
				A8161DE6208DC0DA00946D48 /* Reachability.m */,
				A8161DE7208DC0DA00946D48 /* Reachability.h */,
				A8161DE9208DC0F500946D48 /* ZXReachAbility.h */,
				A8161DEA208DC0F500946D48 /* ZXReachAbility.m */,
			);
			path = Reachability;
			sourceTree = "<group>";
		};
		A8161DF6208DC95800946D48 /* ZXWebImage */ = {
			isa = PBXGroup;
			children = (
				A8161DFB208DC99100946D48 /* UIImageView+ZXWebImage.h */,
				A8161DFA208DC99100946D48 /* UIImageView+ZXWebImage.m */,
				A8161DF7208DC97100946D48 /* ZXWebImage.h */,
				A8161DF8208DC97100946D48 /* ZXWebImage.m */,
			);
			path = ZXWebImage;
			sourceTree = "<group>";
		};
		A8161E01208DDC9C00946D48 /* GCD */ = {
			isa = PBXGroup;
			children = (
				A8161E0A208DDC9C00946D48 /* ZXGCD.h */,
				A8161E03208DDC9C00946D48 /* ZXGCDGroup.h */,
				A8161E06208DDC9C00946D48 /* ZXGCDGroup.m */,
				A8161E05208DDC9C00946D48 /* ZXGCDQueue.h */,
				A8161E08208DDC9C00946D48 /* ZXGCDQueue.m */,
				A8161E04208DDC9C00946D48 /* ZXGCDSemaphore.h */,
				A8161E09208DDC9C00946D48 /* ZXGCDSemaphore.m */,
				A8161E02208DDC9C00946D48 /* ZXGCDTimer.h */,
				A8161E07208DDC9C00946D48 /* ZXGCDTimer.m */,
			);
			path = GCD;
			sourceTree = "<group>";
		};
		A8161E0B208DDC9C00946D48 /* Message */ = {
			isa = PBXGroup;
			children = (
				A8161E0C208DDC9C00946D48 /* ZXShowAlert.h */,
				A8161E0D208DDC9C00946D48 /* ZXShowAlert.m */,
			);
			path = Message;
			sourceTree = "<group>";
		};
/* End PBXGroup section */

/* Begin PBXNativeTarget section */
		A8161D7A208D861000946D48 /* Examples */ = {
			isa = PBXNativeTarget;
			buildConfigurationList = A8161D91208D861100946D48 /* Build configuration list for PBXNativeTarget "Examples" */;
			buildPhases = (
				A8161D77208D861000946D48 /* Sources */,
				A8161D78208D861000946D48 /* Frameworks */,
				A8161D79208D861000946D48 /* Resources */,
			);
			buildRules = (
			);
			dependencies = (
			);
			name = Examples;
			productName = Examples;
			productReference = A8161D7B208D861000946D48 /* Examples.app */;
			productType = "com.apple.product-type.application";
		};
/* End PBXNativeTarget section */

/* Begin PBXProject section */
		A8161D73208D861000946D48 /* Project object */ = {
			isa = PBXProject;
			attributes = {
				LastUpgradeCheck = 0930;
				ORGANIZATIONNAME = JinZhengxuan;
				TargetAttributes = {
					A8161D7A208D861000946D48 = {
						CreatedOnToolsVersion = 9.3;
					};
				};
			};
			buildConfigurationList = A8161D76208D861000946D48 /* Build configuration list for PBXProject "Examples" */;
			compatibilityVersion = "Xcode 9.3";
			developmentRegion = en;
			hasScannedForEncodings = 0;
			knownRegions = (
				en,
				Base,
			);
			mainGroup = A8161D72208D861000946D48;
			productRefGroup = A8161D7C208D861000946D48 /* Products */;
			projectDirPath = "";
			projectRoot = "";
			targets = (
				A8161D7A208D861000946D48 /* Examples */,
			);
		};
/* End PBXProject section */

/* Begin PBXResourcesBuildPhase section */
		A8161D79208D861000946D48 /* Resources */ = {
			isa = PBXResourcesBuildPhase;
			buildActionMask = 2147483647;
			files = (
				A8161D8B208D861100946D48 /* LaunchScreen.storyboard in Resources */,
				A8161D88208D861100946D48 /* Assets.xcassets in Resources */,
				A8161DD8208DB37000946D48 /* ZXMedia.xcassets in Resources */,
				A8161D86208D861100946D48 /* Main.storyboard in Resources */,
			);
			runOnlyForDeploymentPostprocessing = 0;
		};
/* End PBXResourcesBuildPhase section */

/* Begin PBXSourcesBuildPhase section */
		A8161D77208D861000946D48 /* Sources */ = {
			isa = PBXSourcesBuildPhase;
			buildActionMask = 2147483647;
			files = (
				A8161DF9208DC97100946D48 /* ZXWebImage.m in Sources */,
				A8161E20208DDCF100946D48 /* ZXPlayMusicController.m in Sources */,
				A8161DE8208DC0DA00946D48 /* Reachability.m in Sources */,
				A8161E1E208DDCF100946D48 /* ZXPlayMusicCricleSlider.m in Sources */,
				A8161DE4208DBB9400946D48 /* UILabel+ZXUtil.m in Sources */,
				A8161DDE208DB61400946D48 /* ZXUtils.m in Sources */,
				A8161E10208DDC9C00946D48 /* ZXGCDQueue.m in Sources */,
				A8161E2D208DDCFD00946D48 /* ZXMediaDownloader.m in Sources */,
				A8161DEB208DC0F500946D48 /* ZXReachAbility.m in Sources */,
				A8161E30208DDCFD00946D48 /* ZXMediaPlayer.m in Sources */,
				A8161E33208DDD1400946D48 /* ZXDBUtil.m in Sources */,
				A8161E0F208DDC9C00946D48 /* ZXGCDTimer.m in Sources */,
				A8161D83208D861100946D48 /* ViewController.m in Sources */,
				A8161E1F208DDCF100946D48 /* ZXPlayRoundView.m in Sources */,
				A8161DE1208DBAFD00946D48 /* UIButton+ZXUtil.m in Sources */,
				A8161D8E208D861100946D48 /* main.m in Sources */,
				A8161D80208D861100946D48 /* AppDelegate.m in Sources */,
				A8161E12208DDC9C00946D48 /* ZXShowAlert.m in Sources */,
				A8161E2E208DDCFD00946D48 /* ZXMediaControlModel.m in Sources */,
				A8161E21208DDCF100946D48 /* ZXPlayMusicView.m in Sources */,
				A8161DFF208DD4FB00946D48 /* UIImage+ZXUtil.m in Sources */,
				A8161DEE208DC6B700946D48 /* NSString+ZXUtil.m in Sources */,
				A8161E2C208DDCFD00946D48 /* ZXMediaPlayManager.m in Sources */,
				A8161E1D208DDCF100946D48 /* ZXVideoPlayView.m in Sources */,
				A8161E11208DDC9C00946D48 /* ZXGCDSemaphore.m in Sources */,
				A8161E2F208DDCFD00946D48 /* ZXMediaInfoModel.m in Sources */,
				A8161DFC208DC99100946D48 /* UIImageView+ZXWebImage.m in Sources */,
				A8161DD5208DB0F100946D48 /* UIView+ZXRect.m in Sources */,
				A8161E0E208DDC9C00946D48 /* ZXGCDGroup.m in Sources */,
			);
			runOnlyForDeploymentPostprocessing = 0;
		};
/* End PBXSourcesBuildPhase section */

/* Begin PBXVariantGroup section */
		A8161D84208D861100946D48 /* Main.storyboard */ = {
			isa = PBXVariantGroup;
			children = (
				A8161D85208D861100946D48 /* Base */,
			);
			name = Main.storyboard;
			sourceTree = "<group>";
		};
		A8161D89208D861100946D48 /* LaunchScreen.storyboard */ = {
			isa = PBXVariantGroup;
			children = (
				A8161D8A208D861100946D48 /* Base */,
			);
			name = LaunchScreen.storyboard;
			sourceTree = "<group>";
		};
/* End PBXVariantGroup section */

/* Begin XCBuildConfiguration section */
		A8161D8F208D861100946D48 /* Debug */ = {
			isa = XCBuildConfiguration;
			buildSettings = {
				ALWAYS_SEARCH_USER_PATHS = NO;
				CLANG_ANALYZER_NONNULL = YES;
				CLANG_ANALYZER_NUMBER_OBJECT_CONVERSION = YES_AGGRESSIVE;
				CLANG_CXX_LANGUAGE_STANDARD = "gnu++14";
				CLANG_CXX_LIBRARY = "libc++";
				CLANG_ENABLE_MODULES = YES;
				CLANG_ENABLE_OBJC_ARC = YES;
				CLANG_ENABLE_OBJC_WEAK = YES;
				CLANG_WARN_BLOCK_CAPTURE_AUTORELEASING = YES;
				CLANG_WARN_BOOL_CONVERSION = YES;
				CLANG_WARN_COMMA = YES;
				CLANG_WARN_CONSTANT_CONVERSION = YES;
				CLANG_WARN_DEPRECATED_OBJC_IMPLEMENTATIONS = YES;
				CLANG_WARN_DIRECT_OBJC_ISA_USAGE = YES_ERROR;
				CLANG_WARN_DOCUMENTATION_COMMENTS = YES;
				CLANG_WARN_EMPTY_BODY = YES;
				CLANG_WARN_ENUM_CONVERSION = YES;
				CLANG_WARN_INFINITE_RECURSION = YES;
				CLANG_WARN_INT_CONVERSION = YES;
				CLANG_WARN_NON_LITERAL_NULL_CONVERSION = YES;
				CLANG_WARN_OBJC_IMPLICIT_RETAIN_SELF = YES;
				CLANG_WARN_OBJC_LITERAL_CONVERSION = YES;
				CLANG_WARN_OBJC_ROOT_CLASS = YES_ERROR;
				CLANG_WARN_RANGE_LOOP_ANALYSIS = YES;
				CLANG_WARN_STRICT_PROTOTYPES = YES;
				CLANG_WARN_SUSPICIOUS_MOVE = YES;
				CLANG_WARN_UNGUARDED_AVAILABILITY = YES_AGGRESSIVE;
				CLANG_WARN_UNREACHABLE_CODE = YES;
				CLANG_WARN__DUPLICATE_METHOD_MATCH = YES;
				CODE_SIGN_IDENTITY = "iPhone Developer";
				COPY_PHASE_STRIP = NO;
				DEBUG_INFORMATION_FORMAT = dwarf;
				ENABLE_STRICT_OBJC_MSGSEND = YES;
				ENABLE_TESTABILITY = YES;
				GCC_C_LANGUAGE_STANDARD = gnu11;
				GCC_DYNAMIC_NO_PIC = NO;
				GCC_NO_COMMON_BLOCKS = YES;
				GCC_OPTIMIZATION_LEVEL = 0;
				GCC_PREPROCESSOR_DEFINITIONS = (
					"DEBUG=1",
					"$(inherited)",
				);
				GCC_WARN_64_TO_32_BIT_CONVERSION = YES;
				GCC_WARN_ABOUT_RETURN_TYPE = YES_ERROR;
				GCC_WARN_UNDECLARED_SELECTOR = YES;
				GCC_WARN_UNINITIALIZED_AUTOS = YES_AGGRESSIVE;
				GCC_WARN_UNUSED_FUNCTION = YES;
				GCC_WARN_UNUSED_VARIABLE = YES;
				IPHONEOS_DEPLOYMENT_TARGET = 11.3;
				MTL_ENABLE_DEBUG_INFO = YES;
				ONLY_ACTIVE_ARCH = YES;
				SDKROOT = iphoneos;
			};
			name = Debug;
		};
		A8161D90208D861100946D48 /* Release */ = {
			isa = XCBuildConfiguration;
			buildSettings = {
				ALWAYS_SEARCH_USER_PATHS = NO;
				CLANG_ANALYZER_NONNULL = YES;
				CLANG_ANALYZER_NUMBER_OBJECT_CONVERSION = YES_AGGRESSIVE;
				CLANG_CXX_LANGUAGE_STANDARD = "gnu++14";
				CLANG_CXX_LIBRARY = "libc++";
				CLANG_ENABLE_MODULES = YES;
				CLANG_ENABLE_OBJC_ARC = YES;
				CLANG_ENABLE_OBJC_WEAK = YES;
				CLANG_WARN_BLOCK_CAPTURE_AUTORELEASING = YES;
				CLANG_WARN_BOOL_CONVERSION = YES;
				CLANG_WARN_COMMA = YES;
				CLANG_WARN_CONSTANT_CONVERSION = YES;
				CLANG_WARN_DEPRECATED_OBJC_IMPLEMENTATIONS = YES;
				CLANG_WARN_DIRECT_OBJC_ISA_USAGE = YES_ERROR;
				CLANG_WARN_DOCUMENTATION_COMMENTS = YES;
				CLANG_WARN_EMPTY_BODY = YES;
				CLANG_WARN_ENUM_CONVERSION = YES;
				CLANG_WARN_INFINITE_RECURSION = YES;
				CLANG_WARN_INT_CONVERSION = YES;
				CLANG_WARN_NON_LITERAL_NULL_CONVERSION = YES;
				CLANG_WARN_OBJC_IMPLICIT_RETAIN_SELF = YES;
				CLANG_WARN_OBJC_LITERAL_CONVERSION = YES;
				CLANG_WARN_OBJC_ROOT_CLASS = YES_ERROR;
				CLANG_WARN_RANGE_LOOP_ANALYSIS = YES;
				CLANG_WARN_STRICT_PROTOTYPES = YES;
				CLANG_WARN_SUSPICIOUS_MOVE = YES;
				CLANG_WARN_UNGUARDED_AVAILABILITY = YES_AGGRESSIVE;
				CLANG_WARN_UNREACHABLE_CODE = YES;
				CLANG_WARN__DUPLICATE_METHOD_MATCH = YES;
				CODE_SIGN_IDENTITY = "iPhone Developer";
				COPY_PHASE_STRIP = NO;
				DEBUG_INFORMATION_FORMAT = "dwarf-with-dsym";
				ENABLE_NS_ASSERTIONS = NO;
				ENABLE_STRICT_OBJC_MSGSEND = YES;
				GCC_C_LANGUAGE_STANDARD = gnu11;
				GCC_NO_COMMON_BLOCKS = YES;
				GCC_WARN_64_TO_32_BIT_CONVERSION = YES;
				GCC_WARN_ABOUT_RETURN_TYPE = YES_ERROR;
				GCC_WARN_UNDECLARED_SELECTOR = YES;
				GCC_WARN_UNINITIALIZED_AUTOS = YES_AGGRESSIVE;
				GCC_WARN_UNUSED_FUNCTION = YES;
				GCC_WARN_UNUSED_VARIABLE = YES;
				IPHONEOS_DEPLOYMENT_TARGET = 11.3;
				MTL_ENABLE_DEBUG_INFO = NO;
				SDKROOT = iphoneos;
				VALIDATE_PRODUCT = YES;
			};
			name = Release;
		};
		A8161D92208D861100946D48 /* Debug */ = {
			isa = XCBuildConfiguration;
			buildSettings = {
				ASSETCATALOG_COMPILER_APPICON_NAME = AppIcon;
				CODE_SIGN_STYLE = Automatic;
				DEVELOPMENT_TEAM = WJ9YX27BTT;
				INFOPLIST_FILE = Examples/Info.plist;
				IPHONEOS_DEPLOYMENT_TARGET = 9.0;
				LD_RUNPATH_SEARCH_PATHS = (
					"$(inherited)",
					"@executable_path/Frameworks",
				);
				PRODUCT_BUNDLE_IDENTIFIER = ZXMediaPlayer.Examples;
				PRODUCT_NAME = "$(TARGET_NAME)";
				TARGETED_DEVICE_FAMILY = 1;
			};
			name = Debug;
		};
		A8161D93208D861100946D48 /* Release */ = {
			isa = XCBuildConfiguration;
			buildSettings = {
				ASSETCATALOG_COMPILER_APPICON_NAME = AppIcon;
				CODE_SIGN_STYLE = Automatic;
				DEVELOPMENT_TEAM = WJ9YX27BTT;
				INFOPLIST_FILE = Examples/Info.plist;
				IPHONEOS_DEPLOYMENT_TARGET = 9.0;
				LD_RUNPATH_SEARCH_PATHS = (
					"$(inherited)",
					"@executable_path/Frameworks",
				);
				PRODUCT_BUNDLE_IDENTIFIER = ZXMediaPlayer.Examples;
				PRODUCT_NAME = "$(TARGET_NAME)";
				TARGETED_DEVICE_FAMILY = 1;
			};
			name = Release;
		};
/* End XCBuildConfiguration section */

/* Begin XCConfigurationList section */
		A8161D76208D861000946D48 /* Build configuration list for PBXProject "Examples" */ = {
			isa = XCConfigurationList;
			buildConfigurations = (
				A8161D8F208D861100946D48 /* Debug */,
				A8161D90208D861100946D48 /* Release */,
			);
			defaultConfigurationIsVisible = 0;
			defaultConfigurationName = Release;
		};
		A8161D91208D861100946D48 /* Build configuration list for PBXNativeTarget "Examples" */ = {
			isa = XCConfigurationList;
			buildConfigurations = (
				A8161D92208D861100946D48 /* Debug */,
				A8161D93208D861100946D48 /* Release */,
			);
			defaultConfigurationIsVisible = 0;
			defaultConfigurationName = Release;
		};
/* End XCConfigurationList section */
	};
	rootObject = A8161D73208D861000946D48 /* Project object */;
}
